{
  "version": 4,
  "terraform_version": "1.9.8",
  "serial": 16,
  "lineage": "ac085ee0-5ce2-b958-13db-137c456a0e60",
  "outputs": {},
  "resources": [
    {
      "mode": "managed",
      "type": "google_compute_firewall",
      "name": "allow_ssh_http_jenkins",
      "provider": "provider[\"registry.terraform.io/hashicorp/google\"]",
      "instances": [
        {
          "schema_version": 1,
          "attributes": {
            "allow": [
              {
                "ports": [
                  "22",
                  "80",
                  "8080"
                ],
                "protocol": "tcp"
              }
            ],
            "creation_timestamp": "2024-10-24T09:18:11.916-07:00",
            "deny": [],
            "description": "",
            "destination_ranges": [],
            "direction": "INGRESS",
            "disabled": false,
            "enable_logging": null,
            "id": "projects/testcicd-436812/global/firewalls/allow-ssh-http-jenkins",
            "log_config": [],
            "name": "allow-ssh-http-jenkins",
            "network": "https://www.googleapis.com/compute/v1/projects/testcicd-436812/global/networks/vpc-network",
            "priority": 1000,
            "project": "testcicd-436812",
            "self_link": "https://www.googleapis.com/compute/v1/projects/testcicd-436812/global/firewalls/allow-ssh-http-jenkins",
            "source_ranges": [
              "0.0.0.0/0"
            ],
            "source_service_accounts": null,
            "source_tags": null,
            "target_service_accounts": null,
            "target_tags": [
              "public-access"
            ],
            "timeouts": null
          },
          "sensitive_attributes": [],
          "private": "eyJlMmJmYjczMC1lY2FhLTExZTYtOGY4OC0zNDM2M2JjN2M0YzAiOnsiY3JlYXRlIjoxMjAwMDAwMDAwMDAwLCJkZWxldGUiOjEyMDAwMDAwMDAwMDAsInVwZGF0ZSI6MTIwMDAwMDAwMDAwMH0sInNjaGVtYV92ZXJzaW9uIjoiMSJ9",
          "dependencies": [
            "google_compute_network.vpc_network"
          ]
        }
      ]
    },
    {
      "mode": "managed",
      "type": "google_compute_instance",
      "name": "public_instance",
      "provider": "provider[\"registry.terraform.io/hashicorp/google\"]",
      "instances": [
        {
          "schema_version": 6,
          "attributes": {
            "advanced_machine_features": [],
            "allow_stopping_for_update": null,
            "attached_disk": [],
            "boot_disk": [
              {
                "auto_delete": true,
                "device_name": "persistent-disk-0",
                "disk_encryption_key_raw": "",
                "disk_encryption_key_sha256": "",
                "initialize_params": [
                  {
                    "enable_confidential_compute": false,
                    "image": "https://www.googleapis.com/compute/v1/projects/centos-cloud/global/images/centos-stream-9-v20241009",
                    "labels": {},
                    "provisioned_iops": 0,
                    "provisioned_throughput": 0,
                    "resource_manager_tags": null,
                    "resource_policies": [],
                    "size": 20,
                    "storage_pool": "",
                    "type": "pd-standard"
                  }
                ],
                "interface": "",
                "kms_key_self_link": "",
                "mode": "READ_WRITE",
                "source": "https://www.googleapis.com/compute/v1/projects/testcicd-436812/zones/europe-west2-b/disks/public-instance"
              }
            ],
            "can_ip_forward": false,
            "confidential_instance_config": [],
            "cpu_platform": "Intel Broadwell",
            "current_status": "RUNNING",
            "deletion_protection": false,
            "description": "",
            "desired_status": null,
            "effective_labels": {
              "goog-terraform-provisioned": "true"
            },
            "enable_display": false,
            "guest_accelerator": [],
            "hostname": "",
            "id": "projects/testcicd-436812/zones/europe-west2-b/instances/public-instance",
            "instance_id": "4071754155070836148",
            "label_fingerprint": "vezUS-42LLM=",
            "labels": null,
            "machine_type": "e2-medium",
            "metadata": null,
            "metadata_fingerprint": "OX6p-DOHpc4=",
            "metadata_startup_script": "#!/bin/bash\nset -e  # Exit on any error\n\nLOG_FILE=\"/var/log/startup-script.log\"\nexec \u003e \u003e(tee -a ${LOG_FILE}) 2\u003e\u00261\n\n# Function to check if a command was successful\ncheck_success() {\n  if [ $? -ne 0 ]; then\n    echo \"Error occurred in the previous step. Exiting...\" | tee -a ${LOG_FILE}\n    exit 1\n  fi\n}\n\n# Update all packages\necho \"Updating all packages...\" | tee -a ${LOG_FILE}\nsudo yum update -y\ncheck_success\n\n# Install required dependencies: wget, Git, EPEL release, Java\necho \"Installing dependencies...\" | tee -a ${LOG_FILE}\nsudo yum install -y wget git epel-release java-11-openjdk-devel\ncheck_success\n\n# Install Jenkins\necho \"Installing Jenkins...\" | tee -a ${LOG_FILE}\nsudo wget -O /etc/yum.repos.d/jenkins.repo https://pkg.jenkins.io/redhat-stable/jenkins.repo\ncheck_success\n\nsudo rpm --import https://pkg.jenkins.io/redhat-stable/jenkins.io.key\ncheck_success\n\nsudo yum install --nogpgcheck -y jenkins\ncheck_success\n\n# Enable and start Jenkins service\necho \"Enabling and starting Jenkins service...\" | tee -a ${LOG_FILE}\nsudo systemctl enable jenkins\ncheck_success\n\nsudo systemctl start jenkins\ncheck_success\n\n# Install Ansible dependencies and Ansible itself via pip\necho \"Enabling EPEL repository and installing Python3 and Ansible...\" | tee -a ${LOG_FILE}\nsudo yum install -y epel-release\ncheck_success\n\nsudo yum install -y python3 python3-pip\ncheck_success\n\nsudo pip3 install ansible\ncheck_success\n\n# Sleep for 60 seconds to give Jenkins time to start up\necho \"Waiting for 60 seconds for Jenkins to fully start...\" | tee -a ${LOG_FILE}\nsleep 60\n\n# Configure firewall for Jenkins on port 8080\necho \"Configuring firewall for Jenkins...\" | tee -a ${LOG_FILE}\nsudo firewall-cmd --permanent --zone=public --add-port=8080/tcp\ncheck_success\n\nsudo firewall-cmd --reload\ncheck_success\n\n# Output Jenkins initial admin password if available\necho \"Checking for Jenkins initial admin password...\" | tee -a ${LOG_FILE}\nif [ -f /var/lib/jenkins/secrets/initialAdminPassword ]; then\n  echo \"Jenkins initial admin password:\" | tee -a ${LOG_FILE}\n  sudo cat /var/lib/jenkins/secrets/initialAdminPassword | tee -a ${LOG_FILE}\nelse\n  echo \"Jenkins installation failed or initialAdminPassword not found\" \u003e\u00262 | tee -a ${LOG_FILE}\n  exit 1\nfi\n",
            "min_cpu_platform": "",
            "name": "public-instance",
            "network_interface": [
              {
                "access_config": [
                  {
                    "nat_ip": "35.197.223.71",
                    "network_tier": "PREMIUM",
                    "public_ptr_domain_name": ""
                  }
                ],
                "alias_ip_range": [],
                "internal_ipv6_prefix_length": 0,
                "ipv6_access_config": [],
                "ipv6_access_type": "",
                "ipv6_address": "",
                "name": "nic0",
                "network": "https://www.googleapis.com/compute/v1/projects/testcicd-436812/global/networks/vpc-network",
                "network_ip": "10.0.1.2",
                "nic_type": "",
                "queue_count": 0,
                "stack_type": "IPV4_ONLY",
                "subnetwork": "https://www.googleapis.com/compute/v1/projects/testcicd-436812/regions/europe-west2/subnetworks/public-subnet",
                "subnetwork_project": "testcicd-436812"
              }
            ],
            "network_performance_config": [],
            "params": [],
            "project": "testcicd-436812",
            "reservation_affinity": [],
            "resource_policies": null,
            "scheduling": [
              {
                "automatic_restart": true,
                "instance_termination_action": "",
                "local_ssd_recovery_timeout": [],
                "max_run_duration": [],
                "min_node_cpus": 0,
                "node_affinities": [],
                "on_host_maintenance": "MIGRATE",
                "on_instance_stop_action": [],
                "preemptible": false,
                "provisioning_model": "STANDARD"
              }
            ],
            "scratch_disk": [],
            "self_link": "https://www.googleapis.com/compute/v1/projects/testcicd-436812/zones/europe-west2-b/instances/public-instance",
            "service_account": [],
            "shielded_instance_config": [
              {
                "enable_integrity_monitoring": true,
                "enable_secure_boot": false,
                "enable_vtpm": true
              }
            ],
            "tags": [
              "public-access"
            ],
            "tags_fingerprint": "FLTqK68wqcQ=",
            "terraform_labels": {
              "goog-terraform-provisioned": "true"
            },
            "timeouts": null,
            "zone": "europe-west2-b"
          },
          "sensitive_attributes": [
            [
              {
                "type": "get_attr",
                "value": "boot_disk"
              },
              {
                "type": "index",
                "value": {
                  "value": 0,
                  "type": "number"
                }
              },
              {
                "type": "get_attr",
                "value": "disk_encryption_key_raw"
              }
            ]
          ],
          "private": "eyJlMmJmYjczMC1lY2FhLTExZTYtOGY4OC0zNDM2M2JjN2M0YzAiOnsiY3JlYXRlIjoxMjAwMDAwMDAwMDAwLCJkZWxldGUiOjEyMDAwMDAwMDAwMDAsInVwZGF0ZSI6MTIwMDAwMDAwMDAwMH0sInNjaGVtYV92ZXJzaW9uIjoiNiJ9",
          "dependencies": [
            "google_compute_network.vpc_network",
            "google_compute_subnetwork.public_subnet"
          ]
        }
      ]
    },
    {
      "mode": "managed",
      "type": "google_compute_network",
      "name": "vpc_network",
      "provider": "provider[\"registry.terraform.io/hashicorp/google\"]",
      "instances": [
        {
          "schema_version": 0,
          "attributes": {
            "auto_create_subnetworks": false,
            "delete_default_routes_on_create": false,
            "description": "",
            "enable_ula_internal_ipv6": false,
            "gateway_ipv4": "",
            "id": "projects/testcicd-436812/global/networks/vpc-network",
            "internal_ipv6_range": "",
            "mtu": 0,
            "name": "vpc-network",
            "network_firewall_policy_enforcement_order": "AFTER_CLASSIC_FIREWALL",
            "numeric_id": "6226210399008050647",
            "project": "testcicd-436812",
            "routing_mode": "REGIONAL",
            "self_link": "https://www.googleapis.com/compute/v1/projects/testcicd-436812/global/networks/vpc-network",
            "timeouts": null
          },
          "sensitive_attributes": [],
          "private": "eyJlMmJmYjczMC1lY2FhLTExZTYtOGY4OC0zNDM2M2JjN2M0YzAiOnsiY3JlYXRlIjoxMjAwMDAwMDAwMDAwLCJkZWxldGUiOjEyMDAwMDAwMDAwMDAsInVwZGF0ZSI6MTIwMDAwMDAwMDAwMH19"
        }
      ]
    },
    {
      "mode": "managed",
      "type": "google_compute_subnetwork",
      "name": "public_subnet",
      "provider": "provider[\"registry.terraform.io/hashicorp/google\"]",
      "instances": [
        {
          "schema_version": 0,
          "attributes": {
            "creation_timestamp": "2024-10-24T09:18:12.336-07:00",
            "description": "",
            "external_ipv6_prefix": "",
            "fingerprint": null,
            "gateway_address": "10.0.1.1",
            "id": "projects/testcicd-436812/regions/europe-west2/subnetworks/public-subnet",
            "internal_ipv6_prefix": "",
            "ip_cidr_range": "10.0.1.0/24",
            "ipv6_access_type": "",
            "ipv6_cidr_range": "",
            "log_config": [],
            "name": "public-subnet",
            "network": "https://www.googleapis.com/compute/v1/projects/testcicd-436812/global/networks/vpc-network",
            "private_ip_google_access": true,
            "private_ipv6_google_access": "DISABLE_GOOGLE_ACCESS",
            "project": "testcicd-436812",
            "purpose": "PRIVATE",
            "region": "europe-west2",
            "reserved_internal_range": "",
            "role": "",
            "secondary_ip_range": [],
            "self_link": "https://www.googleapis.com/compute/v1/projects/testcicd-436812/regions/europe-west2/subnetworks/public-subnet",
            "send_secondary_ip_range_if_empty": null,
            "stack_type": "IPV4_ONLY",
            "timeouts": null
          },
          "sensitive_attributes": [],
          "private": "eyJlMmJmYjczMC1lY2FhLTExZTYtOGY4OC0zNDM2M2JjN2M0YzAiOnsiY3JlYXRlIjoxMjAwMDAwMDAwMDAwLCJkZWxldGUiOjEyMDAwMDAwMDAwMDAsInVwZGF0ZSI6MTIwMDAwMDAwMDAwMH19",
          "dependencies": [
            "google_compute_network.vpc_network"
          ]
        }
      ]
    }
  ],
  "check_results": null
}
